
Microsoft Visual Studio Solution File, Format Version 12.00
# Visual Studio 2012
VisualStudioVersion = 12.0.40629.0
MinimumVisualStudioVersion = 10.0.40219.1
Project("{FAE04EC0-301F-11D3-BF4B-00C04F79EFBC}") = "Entities", "Entities\Entities.csproj", "{CE737374-D61E-4D4C-8796-580EC758A00C}"
EndProject
Project("{2150E333-8FDC-42A3-9474-1A3956D46DE8}") = "Solution Items", "Solution Items", "{FD98019A-8DE5-4E79-8711-D54279A48DDB}"
	ProjectSection(SolutionItems) = preProject
		Notes.txt = Notes.txt
		ReadMe.txt = ReadMe.txt
	EndProjectSection
EndProject
Project("{FAE04EC0-301F-11D3-BF4B-00C04F79EFBC}") = "Cryptography.GPG", "Cryptography\Cryptography.GPG.csproj", "{EBA5E064-56A7-409E-ABA0-1882180E3678}"
EndProject
Project("{FAE04EC0-301F-11D3-BF4B-00C04F79EFBC}") = "MercurioUI", "Mercurio\MercurioUI.csproj", "{7EECAB86-A4E3-4AA4-9195-625E01AE3937}"
EndProject
Project("{FAE04EC0-301F-11D3-BF4B-00C04F79EFBC}") = "MercurioAppServiceLayer", "MercurioAppServiceLayer\MercurioAppServiceLayer.csproj", "{9F972AE2-7FE2-4D5B-9B2E-FB1BBFACB3B3}"
EndProject
Project("{FAE04EC0-301F-11D3-BF4B-00C04F79EFBC}") = "TestEntities", "TestEntities\TestEntities.csproj", "{F24263DC-2BBB-47B2-93E8-73055B3B8E76}"
EndProject
Project("{FAE04EC0-301F-11D3-BF4B-00C04F79EFBC}") = "TestCryptography", "TestCryptography\TestCryptography.csproj", "{76B24DC4-DA0A-4A9B-B4A3-E892F96F3609}"
EndProject
Project("{FAE04EC0-301F-11D3-BF4B-00C04F79EFBC}") = "TestFunctionality", "TestFunctionality\TestFunctionality.csproj", "{9ABCC625-FBCB-4805-883C-93350CD4040B}"
EndProject
Project("{2150E333-8FDC-42A3-9474-1A3956D46DE8}") = "TestKeyRings", "TestKeyRings", "{9C1B4323-615D-4C22-997F-E716C47B5DB0}"
EndProject
Project("{2150E333-8FDC-42A3-9474-1A3956D46DE8}") = "Alice", "Alice", "{59CD760D-3591-45CE-8A25-A3E4D2A386ED}"
	ProjectSection(SolutionItems) = preProject
		TestKeyRings\Alice\pubring.gpg = TestKeyRings\Alice\pubring.gpg
		TestKeyRings\Alice\secring.gpg = TestKeyRings\Alice\secring.gpg
		TestKeyRings\Alice\trustdb.gpg = TestKeyRings\Alice\trustdb.gpg
	EndProjectSection
EndProject
Project("{2150E333-8FDC-42A3-9474-1A3956D46DE8}") = "Bob", "Bob", "{9C5F9319-D62F-4ED2-9852-CA79581633A9}"
	ProjectSection(SolutionItems) = preProject
		TestKeyRings\Bob\pubring.gpg = TestKeyRings\Bob\pubring.gpg
		TestKeyRings\Bob\secring.gpg = TestKeyRings\Bob\secring.gpg
		TestKeyRings\Bob\trustdb.gpg = TestKeyRings\Bob\trustdb.gpg
	EndProjectSection
EndProject
Project("{2150E333-8FDC-42A3-9474-1A3956D46DE8}") = "mercurio", "mercurio", "{0CFBE2BB-2661-4232-A036-171494B1CA52}"
	ProjectSection(SolutionItems) = preProject
		TestKeyRings\mercurio\pubring.gpg = TestKeyRings\mercurio\pubring.gpg
		TestKeyRings\mercurio\secring.gpg = TestKeyRings\mercurio\secring.gpg
		TestKeyRings\mercurio\trustdb.gpg = TestKeyRings\mercurio\trustdb.gpg
	EndProjectSection
EndProject
Project("{FAE04EC0-301F-11D3-BF4B-00C04F79EFBC}") = "TestUtilities", "TestUtils\TestUtilities.csproj", "{8E90EEAA-8440-456F-B682-AE0E35C8095D}"
EndProject
Project("{2150E333-8FDC-42A3-9474-1A3956D46DE8}") = "Documentation", "Documentation", "{A9059213-BB02-4392-B7DB-22238A1B29B7}"
	ProjectSection(SolutionItems) = preProject
		DesignThoughts.txt = DesignThoughts.txt
		FileSystemStrategies.txt = FileSystemStrategies.txt
		KeyExchangeProtocol.txt = KeyExchangeProtocol.txt
		MercurioShell.txt = MercurioShell.txt
		Narratives.txt = Narratives.txt
		ResearchNotes.txt = ResearchNotes.txt
		SecurityModel.txt = SecurityModel.txt
		StorageSubstrates.txt = StorageSubstrates.txt
		Todo.txt = Todo.txt
		ReplicatingSubstrate.txt = ReplicatingSubstrate.txt
		Mercurio - A Secure Computing Environment.txt = Mercurio - A Secure Computing Environment.txt
		Documents vs Records.txt = Documents vs Records.txt
	EndProjectSection
EndProject
Project("{FAE04EC0-301F-11D3-BF4B-00C04F79EFBC}") = "MercurioUIMockup", "MercurioUIMockup\MercurioUIMockup.csproj", "{D06E9FF1-FED4-4A75-B83E-D7E5A164F353}"
EndProject
Project("{FAE04EC0-301F-11D3-BF4B-00C04F79EFBC}") = "KeyRingService", "KeyRingService\KeyRingService.csproj", "{4E39EBCA-1036-4C57-8743-951CD364D3FF}"
EndProject
Project("{FAE04EC0-301F-11D3-BF4B-00C04F79EFBC}") = "TestKeyRingService", "TestKeyRingService\TestKeyRingService.csproj", "{50BD856E-41DA-44EC-B7E7-BBD4312EEEFB}"
EndProject
Project("{FAE04EC0-301F-11D3-BF4B-00C04F79EFBC}") = "KeyRingService.Local", "KeyRingService.Local\KeyRingService.Local.csproj", "{82170455-0B2C-402F-8ED5-8248CE22C8BA}"
EndProject
Project("{FAE04EC0-301F-11D3-BF4B-00C04F79EFBC}") = "Domain", "Domain\Domain.csproj", "{783F530F-80D8-4664-AEB5-4C15B877BAEB}"
EndProject
Project("{FAE04EC0-301F-11D3-BF4B-00C04F79EFBC}") = "Domain.UnitTests", "Domain.UnitTests\Domain.UnitTests.csproj", "{F26EDA80-C4C8-4623-89E5-6D75D615B26E}"
EndProject
Project("{FAE04EC0-301F-11D3-BF4B-00C04F79EFBC}") = "Domain.IntegrationTests", "Domain.IntegrationTests\Domain.IntegrationTests.csproj", "{CDAA5661-A2D0-4662-B1FC-CC41DFD92D29}"
EndProject
Project("{FAE04EC0-301F-11D3-BF4B-00C04F79EFBC}") = "Domain.Implementation", "Domain.Implementation\Domain.Implementation.csproj", "{2825B70C-E747-4066-B327-23229C1AC60D}"
EndProject
Project("{FAE04EC0-301F-11D3-BF4B-00C04F79EFBC}") = "MercurioShell.IntegrationTests", "MercurioShell.IntegrationTests\MercurioShell.IntegrationTests.csproj", "{4489DE0E-D816-4ADF-9600-E835BE791299}"
EndProject
Project("{FAE04EC0-301F-11D3-BF4B-00C04F79EFBC}") = "MercurioShell.UnitTests", "MercurioShell.UnitTests\MercurioShell.UnitTests.csproj", "{0B5663D9-7F2E-47E2-A2E7-BF537A626DAB}"
EndProject
Project("{FAE04EC0-301F-11D3-BF4B-00C04F79EFBC}") = "MercurioShell", "MercurioShell\MercurioShell.csproj", "{C2CE5A3F-C0BF-419C-9466-388047104F0C}"
EndProject
Project("{FAE04EC0-301F-11D3-BF4B-00C04F79EFBC}") = "Domain.TestMocks", "Domain.TestMocks\Domain.TestMocks.csproj", "{A3E7562B-A21D-49D6-8BEA-3E7FFC88F65A}"
EndProject
Global
	GlobalSection(SolutionConfigurationPlatforms) = preSolution
		Debug|Any CPU = Debug|Any CPU
		Release|Any CPU = Release|Any CPU
	EndGlobalSection
	GlobalSection(ProjectConfigurationPlatforms) = postSolution
		{0B5663D9-7F2E-47E2-A2E7-BF537A626DAB}.Debug|Any CPU.ActiveCfg = Debug|Any CPU
		{0B5663D9-7F2E-47E2-A2E7-BF537A626DAB}.Debug|Any CPU.Build.0 = Debug|Any CPU
		{0B5663D9-7F2E-47E2-A2E7-BF537A626DAB}.Release|Any CPU.ActiveCfg = Release|Any CPU
		{0B5663D9-7F2E-47E2-A2E7-BF537A626DAB}.Release|Any CPU.Build.0 = Release|Any CPU
		{2825B70C-E747-4066-B327-23229C1AC60D}.Debug|Any CPU.ActiveCfg = Debug|Any CPU
		{2825B70C-E747-4066-B327-23229C1AC60D}.Debug|Any CPU.Build.0 = Debug|Any CPU
		{2825B70C-E747-4066-B327-23229C1AC60D}.Release|Any CPU.ActiveCfg = Release|Any CPU
		{2825B70C-E747-4066-B327-23229C1AC60D}.Release|Any CPU.Build.0 = Release|Any CPU
		{4489DE0E-D816-4ADF-9600-E835BE791299}.Debug|Any CPU.ActiveCfg = Debug|Any CPU
		{4489DE0E-D816-4ADF-9600-E835BE791299}.Debug|Any CPU.Build.0 = Debug|Any CPU
		{4489DE0E-D816-4ADF-9600-E835BE791299}.Release|Any CPU.ActiveCfg = Release|Any CPU
		{4489DE0E-D816-4ADF-9600-E835BE791299}.Release|Any CPU.Build.0 = Release|Any CPU
		{4E39EBCA-1036-4C57-8743-951CD364D3FF}.Debug|Any CPU.ActiveCfg = Debug|Any CPU
		{4E39EBCA-1036-4C57-8743-951CD364D3FF}.Debug|Any CPU.Build.0 = Debug|Any CPU
		{4E39EBCA-1036-4C57-8743-951CD364D3FF}.Release|Any CPU.ActiveCfg = Release|Any CPU
		{4E39EBCA-1036-4C57-8743-951CD364D3FF}.Release|Any CPU.Build.0 = Release|Any CPU
		{50BD856E-41DA-44EC-B7E7-BBD4312EEEFB}.Debug|Any CPU.ActiveCfg = Debug|Any CPU
		{50BD856E-41DA-44EC-B7E7-BBD4312EEEFB}.Debug|Any CPU.Build.0 = Debug|Any CPU
		{50BD856E-41DA-44EC-B7E7-BBD4312EEEFB}.Release|Any CPU.ActiveCfg = Release|Any CPU
		{50BD856E-41DA-44EC-B7E7-BBD4312EEEFB}.Release|Any CPU.Build.0 = Release|Any CPU
		{76B24DC4-DA0A-4A9B-B4A3-E892F96F3609}.Debug|Any CPU.ActiveCfg = Debug|Any CPU
		{76B24DC4-DA0A-4A9B-B4A3-E892F96F3609}.Debug|Any CPU.Build.0 = Debug|Any CPU
		{76B24DC4-DA0A-4A9B-B4A3-E892F96F3609}.Release|Any CPU.ActiveCfg = Release|Any CPU
		{76B24DC4-DA0A-4A9B-B4A3-E892F96F3609}.Release|Any CPU.Build.0 = Release|Any CPU
		{783F530F-80D8-4664-AEB5-4C15B877BAEB}.Debug|Any CPU.ActiveCfg = Debug|Any CPU
		{783F530F-80D8-4664-AEB5-4C15B877BAEB}.Debug|Any CPU.Build.0 = Debug|Any CPU
		{783F530F-80D8-4664-AEB5-4C15B877BAEB}.Release|Any CPU.ActiveCfg = Release|Any CPU
		{783F530F-80D8-4664-AEB5-4C15B877BAEB}.Release|Any CPU.Build.0 = Release|Any CPU
		{7EECAB86-A4E3-4AA4-9195-625E01AE3937}.Debug|Any CPU.ActiveCfg = Debug|Any CPU
		{7EECAB86-A4E3-4AA4-9195-625E01AE3937}.Debug|Any CPU.Build.0 = Debug|Any CPU
		{7EECAB86-A4E3-4AA4-9195-625E01AE3937}.Release|Any CPU.ActiveCfg = Release|Any CPU
		{7EECAB86-A4E3-4AA4-9195-625E01AE3937}.Release|Any CPU.Build.0 = Release|Any CPU
		{82170455-0B2C-402F-8ED5-8248CE22C8BA}.Debug|Any CPU.ActiveCfg = Debug|Any CPU
		{82170455-0B2C-402F-8ED5-8248CE22C8BA}.Debug|Any CPU.Build.0 = Debug|Any CPU
		{82170455-0B2C-402F-8ED5-8248CE22C8BA}.Release|Any CPU.ActiveCfg = Release|Any CPU
		{82170455-0B2C-402F-8ED5-8248CE22C8BA}.Release|Any CPU.Build.0 = Release|Any CPU
		{8E90EEAA-8440-456F-B682-AE0E35C8095D}.Debug|Any CPU.ActiveCfg = Debug|Any CPU
		{8E90EEAA-8440-456F-B682-AE0E35C8095D}.Debug|Any CPU.Build.0 = Debug|Any CPU
		{8E90EEAA-8440-456F-B682-AE0E35C8095D}.Release|Any CPU.ActiveCfg = Release|Any CPU
		{8E90EEAA-8440-456F-B682-AE0E35C8095D}.Release|Any CPU.Build.0 = Release|Any CPU
		{9ABCC625-FBCB-4805-883C-93350CD4040B}.Debug|Any CPU.ActiveCfg = Debug|Any CPU
		{9ABCC625-FBCB-4805-883C-93350CD4040B}.Debug|Any CPU.Build.0 = Debug|Any CPU
		{9ABCC625-FBCB-4805-883C-93350CD4040B}.Release|Any CPU.ActiveCfg = Release|Any CPU
		{9ABCC625-FBCB-4805-883C-93350CD4040B}.Release|Any CPU.Build.0 = Release|Any CPU
		{9F972AE2-7FE2-4D5B-9B2E-FB1BBFACB3B3}.Debug|Any CPU.ActiveCfg = Debug|Any CPU
		{9F972AE2-7FE2-4D5B-9B2E-FB1BBFACB3B3}.Debug|Any CPU.Build.0 = Debug|Any CPU
		{9F972AE2-7FE2-4D5B-9B2E-FB1BBFACB3B3}.Release|Any CPU.ActiveCfg = Release|Any CPU
		{9F972AE2-7FE2-4D5B-9B2E-FB1BBFACB3B3}.Release|Any CPU.Build.0 = Release|Any CPU
		{A3E7562B-A21D-49D6-8BEA-3E7FFC88F65A}.Debug|Any CPU.ActiveCfg = Debug|Any CPU
		{A3E7562B-A21D-49D6-8BEA-3E7FFC88F65A}.Debug|Any CPU.Build.0 = Debug|Any CPU
		{A3E7562B-A21D-49D6-8BEA-3E7FFC88F65A}.Release|Any CPU.ActiveCfg = Release|Any CPU
		{A3E7562B-A21D-49D6-8BEA-3E7FFC88F65A}.Release|Any CPU.Build.0 = Release|Any CPU
		{C2CE5A3F-C0BF-419C-9466-388047104F0C}.Debug|Any CPU.ActiveCfg = Debug|Any CPU
		{C2CE5A3F-C0BF-419C-9466-388047104F0C}.Debug|Any CPU.Build.0 = Debug|Any CPU
		{C2CE5A3F-C0BF-419C-9466-388047104F0C}.Release|Any CPU.ActiveCfg = Release|Any CPU
		{C2CE5A3F-C0BF-419C-9466-388047104F0C}.Release|Any CPU.Build.0 = Release|Any CPU
		{CDAA5661-A2D0-4662-B1FC-CC41DFD92D29}.Debug|Any CPU.ActiveCfg = Debug|Any CPU
		{CDAA5661-A2D0-4662-B1FC-CC41DFD92D29}.Debug|Any CPU.Build.0 = Debug|Any CPU
		{CDAA5661-A2D0-4662-B1FC-CC41DFD92D29}.Release|Any CPU.ActiveCfg = Release|Any CPU
		{CDAA5661-A2D0-4662-B1FC-CC41DFD92D29}.Release|Any CPU.Build.0 = Release|Any CPU
		{CE737374-D61E-4D4C-8796-580EC758A00C}.Debug|Any CPU.ActiveCfg = Debug|Any CPU
		{CE737374-D61E-4D4C-8796-580EC758A00C}.Debug|Any CPU.Build.0 = Debug|Any CPU
		{CE737374-D61E-4D4C-8796-580EC758A00C}.Release|Any CPU.ActiveCfg = Release|Any CPU
		{CE737374-D61E-4D4C-8796-580EC758A00C}.Release|Any CPU.Build.0 = Release|Any CPU
		{D06E9FF1-FED4-4A75-B83E-D7E5A164F353}.Debug|Any CPU.ActiveCfg = Debug|Any CPU
		{D06E9FF1-FED4-4A75-B83E-D7E5A164F353}.Debug|Any CPU.Build.0 = Debug|Any CPU
		{D06E9FF1-FED4-4A75-B83E-D7E5A164F353}.Release|Any CPU.ActiveCfg = Release|Any CPU
		{D06E9FF1-FED4-4A75-B83E-D7E5A164F353}.Release|Any CPU.Build.0 = Release|Any CPU
		{EBA5E064-56A7-409E-ABA0-1882180E3678}.Debug|Any CPU.ActiveCfg = Debug|Any CPU
		{EBA5E064-56A7-409E-ABA0-1882180E3678}.Debug|Any CPU.Build.0 = Debug|Any CPU
		{EBA5E064-56A7-409E-ABA0-1882180E3678}.Release|Any CPU.ActiveCfg = Release|Any CPU
		{EBA5E064-56A7-409E-ABA0-1882180E3678}.Release|Any CPU.Build.0 = Release|Any CPU
		{F24263DC-2BBB-47B2-93E8-73055B3B8E76}.Debug|Any CPU.ActiveCfg = Debug|Any CPU
		{F24263DC-2BBB-47B2-93E8-73055B3B8E76}.Debug|Any CPU.Build.0 = Debug|Any CPU
		{F24263DC-2BBB-47B2-93E8-73055B3B8E76}.Release|Any CPU.ActiveCfg = Release|Any CPU
		{F24263DC-2BBB-47B2-93E8-73055B3B8E76}.Release|Any CPU.Build.0 = Release|Any CPU
		{F26EDA80-C4C8-4623-89E5-6D75D615B26E}.Debug|Any CPU.ActiveCfg = Debug|Any CPU
		{F26EDA80-C4C8-4623-89E5-6D75D615B26E}.Debug|Any CPU.Build.0 = Debug|Any CPU
		{F26EDA80-C4C8-4623-89E5-6D75D615B26E}.Release|Any CPU.ActiveCfg = Release|Any CPU
		{F26EDA80-C4C8-4623-89E5-6D75D615B26E}.Release|Any CPU.Build.0 = Release|Any CPU
	EndGlobalSection
	GlobalSection(NestedProjects) = preSolution
		{59CD760D-3591-45CE-8A25-A3E4D2A386ED} = {9C1B4323-615D-4C22-997F-E716C47B5DB0}
		{9C5F9319-D62F-4ED2-9852-CA79581633A9} = {9C1B4323-615D-4C22-997F-E716C47B5DB0}
		{0CFBE2BB-2661-4232-A036-171494B1CA52} = {9C1B4323-615D-4C22-997F-E716C47B5DB0}
	EndGlobalSection
	GlobalSection(SolutionProperties) = preSolution
		HideSolutionNode = FALSE
	EndGlobalSection
EndGlobal
