
Microsoft Visual Studio Solution File, Format Version 12.00
# Visual Studio 2012
Project("{FAE04EC0-301F-11D3-BF4B-00C04F79EFBC}") = "Entities", "Entities\Entities.csproj", "{CE737374-D61E-4D4C-8796-580EC758A00C}"
EndProject
Project("{2150E333-8FDC-42A3-9474-1A3956D46DE8}") = "Solution Items", "Solution Items", "{FD98019A-8DE5-4E79-8711-D54279A48DDB}"
	ProjectSection(SolutionItems) = preProject
		ReadMe.txt = ReadMe.txt
	EndProjectSection
EndProject
Project("{FAE04EC0-301F-11D3-BF4B-00C04F79EFBC}") = "Cryptography", "Cryptography\Cryptography.csproj", "{EBA5E064-56A7-409E-ABA0-1882180E3678}"
EndProject
Project("{FAE04EC0-301F-11D3-BF4B-00C04F79EFBC}") = "MercurioUI", "Mercurio\MercurioUI.csproj", "{7EECAB86-A4E3-4AA4-9195-625E01AE3937}"
EndProject
Project("{FAE04EC0-301F-11D3-BF4B-00C04F79EFBC}") = "MercurioAppServiceLayer", "MercurioAppServiceLayer\MercurioAppServiceLayer.csproj", "{9F972AE2-7FE2-4D5B-9B2E-FB1BBFACB3B3}"
EndProject
Project("{FAE04EC0-301F-11D3-BF4B-00C04F79EFBC}") = "TestEntities", "TestEntities\TestEntities.csproj", "{F24263DC-2BBB-47B2-93E8-73055B3B8E76}"
EndProject
Global
	GlobalSection(SolutionConfigurationPlatforms) = preSolution
		Debug|Any CPU = Debug|Any CPU
		Release|Any CPU = Release|Any CPU
	EndGlobalSection
	GlobalSection(ProjectConfigurationPlatforms) = postSolution
		{CE737374-D61E-4D4C-8796-580EC758A00C}.Debug|Any CPU.ActiveCfg = Debug|Any CPU
		{CE737374-D61E-4D4C-8796-580EC758A00C}.Debug|Any CPU.Build.0 = Debug|Any CPU
		{CE737374-D61E-4D4C-8796-580EC758A00C}.Release|Any CPU.ActiveCfg = Release|Any CPU
		{CE737374-D61E-4D4C-8796-580EC758A00C}.Release|Any CPU.Build.0 = Release|Any CPU
		{EBA5E064-56A7-409E-ABA0-1882180E3678}.Debug|Any CPU.ActiveCfg = Debug|Any CPU
		{EBA5E064-56A7-409E-ABA0-1882180E3678}.Debug|Any CPU.Build.0 = Debug|Any CPU
		{EBA5E064-56A7-409E-ABA0-1882180E3678}.Release|Any CPU.ActiveCfg = Release|Any CPU
		{EBA5E064-56A7-409E-ABA0-1882180E3678}.Release|Any CPU.Build.0 = Release|Any CPU
		{7EECAB86-A4E3-4AA4-9195-625E01AE3937}.Debug|Any CPU.ActiveCfg = Debug|Any CPU
		{7EECAB86-A4E3-4AA4-9195-625E01AE3937}.Debug|Any CPU.Build.0 = Debug|Any CPU
		{7EECAB86-A4E3-4AA4-9195-625E01AE3937}.Release|Any CPU.ActiveCfg = Release|Any CPU
		{7EECAB86-A4E3-4AA4-9195-625E01AE3937}.Release|Any CPU.Build.0 = Release|Any CPU
		{9F972AE2-7FE2-4D5B-9B2E-FB1BBFACB3B3}.Debug|Any CPU.ActiveCfg = Debug|Any CPU
		{9F972AE2-7FE2-4D5B-9B2E-FB1BBFACB3B3}.Debug|Any CPU.Build.0 = Debug|Any CPU
		{9F972AE2-7FE2-4D5B-9B2E-FB1BBFACB3B3}.Release|Any CPU.ActiveCfg = Release|Any CPU
		{9F972AE2-7FE2-4D5B-9B2E-FB1BBFACB3B3}.Release|Any CPU.Build.0 = Release|Any CPU
		{F24263DC-2BBB-47B2-93E8-73055B3B8E76}.Debug|Any CPU.ActiveCfg = Debug|Any CPU
		{F24263DC-2BBB-47B2-93E8-73055B3B8E76}.Debug|Any CPU.Build.0 = Debug|Any CPU
		{F24263DC-2BBB-47B2-93E8-73055B3B8E76}.Release|Any CPU.ActiveCfg = Release|Any CPU
		{F24263DC-2BBB-47B2-93E8-73055B3B8E76}.Release|Any CPU.Build.0 = Release|Any CPU
	EndGlobalSection
	GlobalSection(SolutionProperties) = preSolution
		HideSolutionNode = FALSE
	EndGlobalSection
EndGlobal
