
Microsoft Visual Studio Solution File, Format Version 12.00
# Visual Studio 2012
Project("{FAE04EC0-301F-11D3-BF4B-00C04F79EFBC}") = "Entities", "Entities\Entities.csproj", "{CE737374-D61E-4D4C-8796-580EC758A00C}"
EndProject
Project("{2150E333-8FDC-42A3-9474-1A3956D46DE8}") = "Solution Items", "Solution Items", "{FD98019A-8DE5-4E79-8711-D54279A48DDB}"
	ProjectSection(SolutionItems) = preProject
		ReadMe.txt = ReadMe.txt
	EndProjectSection
EndProject
Project("{FAE04EC0-301F-11D3-BF4B-00C04F79EFBC}") = "Cryptography", "Cryptography\Cryptography.csproj", "{EBA5E064-56A7-409E-ABA0-1882180E3678}"
EndProject
Project("{FAE04EC0-301F-11D3-BF4B-00C04F79EFBC}") = "MercurioUI", "Mercurio\MercurioUI.csproj", "{7EECAB86-A4E3-4AA4-9195-625E01AE3937}"
EndProject
Project("{FAE04EC0-301F-11D3-BF4B-00C04F79EFBC}") = "MercurioAppServiceLayer", "MercurioAppServiceLayer\MercurioAppServiceLayer.csproj", "{9F972AE2-7FE2-4D5B-9B2E-FB1BBFACB3B3}"
EndProject
Project("{FAE04EC0-301F-11D3-BF4B-00C04F79EFBC}") = "TestEntities", "TestEntities\TestEntities.csproj", "{F24263DC-2BBB-47B2-93E8-73055B3B8E76}"
EndProject
Project("{FAE04EC0-301F-11D3-BF4B-00C04F79EFBC}") = "TestCryptography", "TestCryptography\TestCryptography.csproj", "{76B24DC4-DA0A-4A9B-B4A3-E892F96F3609}"
EndProject
Project("{FAE04EC0-301F-11D3-BF4B-00C04F79EFBC}") = "TestFunctionality", "TestFunctionality\TestFunctionality.csproj", "{9ABCC625-FBCB-4805-883C-93350CD4040B}"
EndProject
Project("{2150E333-8FDC-42A3-9474-1A3956D46DE8}") = "TestKeyRings", "TestKeyRings", "{9C1B4323-615D-4C22-997F-E716C47B5DB0}"
EndProject
Project("{2150E333-8FDC-42A3-9474-1A3956D46DE8}") = "Alice", "Alice", "{59CD760D-3591-45CE-8A25-A3E4D2A386ED}"
	ProjectSection(SolutionItems) = preProject
		TestKeyRings\Alice\pubring.gpg = TestKeyRings\Alice\pubring.gpg
		TestKeyRings\Alice\secring.gpg = TestKeyRings\Alice\secring.gpg
		TestKeyRings\Alice\trustdb.gpg = TestKeyRings\Alice\trustdb.gpg
	EndProjectSection
EndProject
Project("{2150E333-8FDC-42A3-9474-1A3956D46DE8}") = "Bob", "Bob", "{9C5F9319-D62F-4ED2-9852-CA79581633A9}"
	ProjectSection(SolutionItems) = preProject
		TestKeyRings\Bob\pubring.gpg = TestKeyRings\Bob\pubring.gpg
		TestKeyRings\Bob\secring.gpg = TestKeyRings\Bob\secring.gpg
		TestKeyRings\Bob\trustdb.gpg = TestKeyRings\Bob\trustdb.gpg
	EndProjectSection
EndProject
Project("{FAE04EC0-301F-11D3-BF4B-00C04F79EFBC}") = "TestUtilities", "TestUtils\TestUtilities.csproj", "{8E90EEAA-8440-456F-B682-AE0E35C8095D}"
EndProject
Project("{2150E333-8FDC-42A3-9474-1A3956D46DE8}") = "mercurio", "mercurio", "{0CFBE2BB-2661-4232-A036-171494B1CA52}"
	ProjectSection(SolutionItems) = preProject
		TestKeyRings\mercurio\pubring.gpg = TestKeyRings\mercurio\pubring.gpg
		TestKeyRings\mercurio\secring.gpg = TestKeyRings\mercurio\secring.gpg
		TestKeyRings\mercurio\trustdb.gpg = TestKeyRings\mercurio\trustdb.gpg
	EndProjectSection
EndProject
Global
	GlobalSection(SolutionConfigurationPlatforms) = preSolution
		Debug|Any CPU = Debug|Any CPU
		Release|Any CPU = Release|Any CPU
	EndGlobalSection
	GlobalSection(ProjectConfigurationPlatforms) = postSolution
		{CE737374-D61E-4D4C-8796-580EC758A00C}.Debug|Any CPU.ActiveCfg = Debug|Any CPU
		{CE737374-D61E-4D4C-8796-580EC758A00C}.Debug|Any CPU.Build.0 = Debug|Any CPU
		{CE737374-D61E-4D4C-8796-580EC758A00C}.Release|Any CPU.ActiveCfg = Release|Any CPU
		{CE737374-D61E-4D4C-8796-580EC758A00C}.Release|Any CPU.Build.0 = Release|Any CPU
		{EBA5E064-56A7-409E-ABA0-1882180E3678}.Debug|Any CPU.ActiveCfg = Debug|Any CPU
		{EBA5E064-56A7-409E-ABA0-1882180E3678}.Debug|Any CPU.Build.0 = Debug|Any CPU
		{EBA5E064-56A7-409E-ABA0-1882180E3678}.Release|Any CPU.ActiveCfg = Release|Any CPU
		{EBA5E064-56A7-409E-ABA0-1882180E3678}.Release|Any CPU.Build.0 = Release|Any CPU
		{7EECAB86-A4E3-4AA4-9195-625E01AE3937}.Debug|Any CPU.ActiveCfg = Debug|Any CPU
		{7EECAB86-A4E3-4AA4-9195-625E01AE3937}.Debug|Any CPU.Build.0 = Debug|Any CPU
		{7EECAB86-A4E3-4AA4-9195-625E01AE3937}.Release|Any CPU.ActiveCfg = Release|Any CPU
		{7EECAB86-A4E3-4AA4-9195-625E01AE3937}.Release|Any CPU.Build.0 = Release|Any CPU
		{9F972AE2-7FE2-4D5B-9B2E-FB1BBFACB3B3}.Debug|Any CPU.ActiveCfg = Debug|Any CPU
		{9F972AE2-7FE2-4D5B-9B2E-FB1BBFACB3B3}.Debug|Any CPU.Build.0 = Debug|Any CPU
		{9F972AE2-7FE2-4D5B-9B2E-FB1BBFACB3B3}.Release|Any CPU.ActiveCfg = Release|Any CPU
		{9F972AE2-7FE2-4D5B-9B2E-FB1BBFACB3B3}.Release|Any CPU.Build.0 = Release|Any CPU
		{F24263DC-2BBB-47B2-93E8-73055B3B8E76}.Debug|Any CPU.ActiveCfg = Debug|Any CPU
		{F24263DC-2BBB-47B2-93E8-73055B3B8E76}.Debug|Any CPU.Build.0 = Debug|Any CPU
		{F24263DC-2BBB-47B2-93E8-73055B3B8E76}.Release|Any CPU.ActiveCfg = Release|Any CPU
		{F24263DC-2BBB-47B2-93E8-73055B3B8E76}.Release|Any CPU.Build.0 = Release|Any CPU
		{76B24DC4-DA0A-4A9B-B4A3-E892F96F3609}.Debug|Any CPU.ActiveCfg = Debug|Any CPU
		{76B24DC4-DA0A-4A9B-B4A3-E892F96F3609}.Debug|Any CPU.Build.0 = Debug|Any CPU
		{76B24DC4-DA0A-4A9B-B4A3-E892F96F3609}.Release|Any CPU.ActiveCfg = Release|Any CPU
		{76B24DC4-DA0A-4A9B-B4A3-E892F96F3609}.Release|Any CPU.Build.0 = Release|Any CPU
		{9ABCC625-FBCB-4805-883C-93350CD4040B}.Debug|Any CPU.ActiveCfg = Debug|Any CPU
		{9ABCC625-FBCB-4805-883C-93350CD4040B}.Debug|Any CPU.Build.0 = Debug|Any CPU
		{9ABCC625-FBCB-4805-883C-93350CD4040B}.Release|Any CPU.ActiveCfg = Release|Any CPU
		{9ABCC625-FBCB-4805-883C-93350CD4040B}.Release|Any CPU.Build.0 = Release|Any CPU
		{8E90EEAA-8440-456F-B682-AE0E35C8095D}.Debug|Any CPU.ActiveCfg = Debug|Any CPU
		{8E90EEAA-8440-456F-B682-AE0E35C8095D}.Debug|Any CPU.Build.0 = Debug|Any CPU
		{8E90EEAA-8440-456F-B682-AE0E35C8095D}.Release|Any CPU.ActiveCfg = Release|Any CPU
		{8E90EEAA-8440-456F-B682-AE0E35C8095D}.Release|Any CPU.Build.0 = Release|Any CPU
	EndGlobalSection
	GlobalSection(SolutionProperties) = preSolution
		HideSolutionNode = FALSE
	EndGlobalSection
	GlobalSection(NestedProjects) = preSolution
		{59CD760D-3591-45CE-8A25-A3E4D2A386ED} = {9C1B4323-615D-4C22-997F-E716C47B5DB0}
		{9C5F9319-D62F-4ED2-9852-CA79581633A9} = {9C1B4323-615D-4C22-997F-E716C47B5DB0}
		{0CFBE2BB-2661-4232-A036-171494B1CA52} = {9C1B4323-615D-4C22-997F-E716C47B5DB0}
	EndGlobalSection
EndGlobal
